
Microsoft Visual Studio Solution File, Format Version 12.00
# Visual Studio 15
VisualStudioVersion = 15.0.34112.143
MinimumVisualStudioVersion = 10.0.40219.1
Project("{FAE04EC0-301F-11D3-BF4B-00C04F79EFBC}") = "Cracker", "Cracker.csproj", "{A9703B9B-FB5F-4FCB-8C67-1807EDD04B51}"
EndProject
Global
	GlobalSection(SolutionConfigurationPlatforms) = preSolution
		Debug|Any CPU = Debug|Any CPU
		Release|Any CPU = Release|Any CPU
	EndGlobalSection
	GlobalSection(ProjectConfigurationPlatforms) = postSolution
		{A9703B9B-FB5F-4FCB-8C67-1807EDD04B51}.Debug|Any CPU.ActiveCfg = Debug|Any CPU
		{A9703B9B-FB5F-4FCB-8C67-1807EDD04B51}.Debug|Any CPU.Build.0 = Debug|Any CPU
		{A9703B9B-FB5F-4FCB-8C67-1807EDD04B51}.Release|Any CPU.ActiveCfg = Release|Any CPU
		{A9703B9B-FB5F-4FCB-8C67-1807EDD04B51}.Release|Any CPU.Build.0 = Release|Any CPU
	EndGlobalSection
	GlobalSection(SolutionProperties) = preSolution
		HideSolutionNode = FALSE
	EndGlobalSection
	GlobalSection(ExtensibilityGlobals) = postSolution
		SolutionGuid = {51918BB3-7958-4AA4-9149-ECD295EAD817}
	EndGlobalSection
EndGlobal
